// !$*UTF8*$!
{
	archiveVersion = 1;
	classes = {
	};
	objectVersion = 46;
	objects = {

/* Begin PBXBuildFile section */
		787ED1001E890A2B0010DAA9 /* AppDelegate.swift in Sources */ = {isa = PBXBuildFile; fileRef = 787ED0FF1E890A2B0010DAA9 /* AppDelegate.swift */; };
		787ED1021E890A2B0010DAA9 /* ViewController.swift in Sources */ = {isa = PBXBuildFile; fileRef = 787ED1011E890A2B0010DAA9 /* ViewController.swift */; };
		787ED1051E890A2B0010DAA9 /* Main.storyboard in Resources */ = {isa = PBXBuildFile; fileRef = 787ED1031E890A2B0010DAA9 /* Main.storyboard */; };
		787ED1071E890A2B0010DAA9 /* Assets.xcassets in Resources */ = {isa = PBXBuildFile; fileRef = 787ED1061E890A2B0010DAA9 /* Assets.xcassets */; };
		787ED10A1E890A2B0010DAA9 /* LaunchScreen.storyboard in Resources */ = {isa = PBXBuildFile; fileRef = 787ED1081E890A2B0010DAA9 /* LaunchScreen.storyboard */; };
		787ED1221E890ABF0010DAA9 /* 01. Title.mp3 in Resources */ = {isa = PBXBuildFile; fileRef = 787ED1121E890ABF0010DAA9 /* 01. Title.mp3 */; };
		787ED1231E890ABF0010DAA9 /* 02. Everlasting Wanderers.mp3 in Resources */ = {isa = PBXBuildFile; fileRef = 787ED1131E890ABF0010DAA9 /* 02. Everlasting Wanderers.mp3 */; };
		787ED1241E890ABF0010DAA9 /* 03. Streamside.mp3 in Resources */ = {isa = PBXBuildFile; fileRef = 787ED1141E890ABF0010DAA9 /* 03. Streamside.mp3 */; };
		787ED1251E890ABF0010DAA9 /* 04. Theme of Prontera.mp3 in Resources */ = {isa = PBXBuildFile; fileRef = 787ED1151E890ABF0010DAA9 /* 04. Theme of Prontera.mp3 */; };
		787ED1261E890ABF0010DAA9 /* 05. Peaceful Forest.mp3 in Resources */ = {isa = PBXBuildFile; fileRef = 787ED1161E890ABF0010DAA9 /* 05. Peaceful Forest.mp3 */; };
		787ED1271E890ABF0010DAA9 /* 06. Tread on the ground.mp3 in Resources */ = {isa = PBXBuildFile; fileRef = 787ED1171E890ABF0010DAA9 /* 06. Tread on the ground.mp3 */; };
		787ED1281E890ABF0010DAA9 /* 07. Theme of Geffen.mp3 in Resources */ = {isa = PBXBuildFile; fileRef = 787ED1181E890ABF0010DAA9 /* 07. Theme of Geffen.mp3 */; };
		787ED1291E890ABF0010DAA9 /* 08. Plateau.mp3 in Resources */ = {isa = PBXBuildFile; fileRef = 787ED1191E890ABF0010DAA9 /* 08. Plateau.mp3 */; };
		787ED12A1E890ABF0010DAA9 /* 09. Brassy Road.mp3 in Resources */ = {isa = PBXBuildFile; fileRef = 787ED11A1E890ABF0010DAA9 /* 09. Brassy Road.mp3 */; };
		787ED12B1E890ABF0010DAA9 /* 10. Travel.mp3 in Resources */ = {isa = PBXBuildFile; fileRef = 787ED11B1E890ABF0010DAA9 /* 10. Travel.mp3 */; };
		787ED12C1E890ABF0010DAA9 /* 11. Desert.mp3 in Resources */ = {isa = PBXBuildFile; fileRef = 787ED11C1E890ABF0010DAA9 /* 11. Desert.mp3 */; };
		787ED12D1E890ABF0010DAA9 /* 12. Theme of Morroc.mp3 in Resources */ = {isa = PBXBuildFile; fileRef = 787ED11D1E890ABF0010DAA9 /* 12. Theme of Morroc.mp3 */; };
		787ED12E1E890ABF0010DAA9 /* 13. TeMPorsche.mp3 in Resources */ = {isa = PBXBuildFile; fileRef = 787ED11E1E890ABF0010DAA9 /* 13. TeMPorsche.mp3 */; };
		787ED12F1E890ABF0010DAA9 /* 14. You're in ruins.mp3 in Resources */ = {isa = PBXBuildFile; fileRef = 787ED11F1E890ABF0010DAA9 /* 14. You're in ruins.mp3 */; };
		787ED1301E890ABF0010DAA9 /* 15. Nano East.mp3 in Resources */ = {isa = PBXBuildFile; fileRef = 787ED1201E890ABF0010DAA9 /* 15. Nano East.mp3 */; };
		787ED1311E890ABF0010DAA9 /* 16. Theme of Payon.mp3 in Resources */ = {isa = PBXBuildFile; fileRef = 787ED1211E890ABF0010DAA9 /* 16. Theme of Payon.mp3 */; };
		787ED1331E890B230010DAA9 /* AudioPlayer.swift in Sources */ = {isa = PBXBuildFile; fileRef = 787ED1321E890B230010DAA9 /* AudioPlayer.swift */; };
		787ED1351E890B2E0010DAA9 /* AudioItem.swift in Sources */ = {isa = PBXBuildFile; fileRef = 787ED1341E890B2E0010DAA9 /* AudioItem.swift */; };
/* End PBXBuildFile section */

/* Begin PBXFileReference section */
		787ED0FC1E890A2B0010DAA9 /* TreePlantingAudio.app */ = {isa = PBXFileReference; explicitFileType = wrapper.application; includeInIndex = 0; path = TreePlantingAudio.app; sourceTree = BUILT_PRODUCTS_DIR; };
		787ED0FF1E890A2B0010DAA9 /* AppDelegate.swift */ = {isa = PBXFileReference; lastKnownFileType = sourcecode.swift; path = AppDelegate.swift; sourceTree = "<group>"; };
		787ED1011E890A2B0010DAA9 /* ViewController.swift */ = {isa = PBXFileReference; lastKnownFileType = sourcecode.swift; path = ViewController.swift; sourceTree = "<group>"; };
		787ED1041E890A2B0010DAA9 /* Base */ = {isa = PBXFileReference; lastKnownFileType = file.storyboard; name = Base; path = Base.lproj/Main.storyboard; sourceTree = "<group>"; };
		787ED1061E890A2B0010DAA9 /* Assets.xcassets */ = {isa = PBXFileReference; lastKnownFileType = folder.assetcatalog; path = Assets.xcassets; sourceTree = "<group>"; };
		787ED1091E890A2B0010DAA9 /* Base */ = {isa = PBXFileReference; lastKnownFileType = file.storyboard; name = Base; path = Base.lproj/LaunchScreen.storyboard; sourceTree = "<group>"; };
		787ED10B1E890A2B0010DAA9 /* Info.plist */ = {isa = PBXFileReference; lastKnownFileType = text.plist.xml; path = Info.plist; sourceTree = "<group>"; };
		787ED1121E890ABF0010DAA9 /* 01. Title.mp3 */ = {isa = PBXFileReference; lastKnownFileType = audio.mp3; path = "01. Title.mp3"; sourceTree = "<group>"; };
		787ED1131E890ABF0010DAA9 /* 02. Everlasting Wanderers.mp3 */ = {isa = PBXFileReference; lastKnownFileType = audio.mp3; path = "02. Everlasting Wanderers.mp3"; sourceTree = "<group>"; };
		787ED1141E890ABF0010DAA9 /* 03. Streamside.mp3 */ = {isa = PBXFileReference; lastKnownFileType = audio.mp3; path = "03. Streamside.mp3"; sourceTree = "<group>"; };
		787ED1151E890ABF0010DAA9 /* 04. Theme of Prontera.mp3 */ = {isa = PBXFileReference; lastKnownFileType = audio.mp3; path = "04. Theme of Prontera.mp3"; sourceTree = "<group>"; };
		787ED1161E890ABF0010DAA9 /* 05. Peaceful Forest.mp3 */ = {isa = PBXFileReference; lastKnownFileType = audio.mp3; path = "05. Peaceful Forest.mp3"; sourceTree = "<group>"; };
		787ED1171E890ABF0010DAA9 /* 06. Tread on the ground.mp3 */ = {isa = PBXFileReference; lastKnownFileType = audio.mp3; path = "06. Tread on the ground.mp3"; sourceTree = "<group>"; };
		787ED1181E890ABF0010DAA9 /* 07. Theme of Geffen.mp3 */ = {isa = PBXFileReference; lastKnownFileType = audio.mp3; path = "07. Theme of Geffen.mp3"; sourceTree = "<group>"; };
		787ED1191E890ABF0010DAA9 /* 08. Plateau.mp3 */ = {isa = PBXFileReference; lastKnownFileType = audio.mp3; path = "08. Plateau.mp3"; sourceTree = "<group>"; };
		787ED11A1E890ABF0010DAA9 /* 09. Brassy Road.mp3 */ = {isa = PBXFileReference; lastKnownFileType = audio.mp3; path = "09. Brassy Road.mp3"; sourceTree = "<group>"; };
		787ED11B1E890ABF0010DAA9 /* 10. Travel.mp3 */ = {isa = PBXFileReference; lastKnownFileType = audio.mp3; path = "10. Travel.mp3"; sourceTree = "<group>"; };
		787ED11C1E890ABF0010DAA9 /* 11. Desert.mp3 */ = {isa = PBXFileReference; lastKnownFileType = audio.mp3; path = "11. Desert.mp3"; sourceTree = "<group>"; };
		787ED11D1E890ABF0010DAA9 /* 12. Theme of Morroc.mp3 */ = {isa = PBXFileReference; lastKnownFileType = audio.mp3; path = "12. Theme of Morroc.mp3"; sourceTree = "<group>"; };
		787ED11E1E890ABF0010DAA9 /* 13. TeMPorsche.mp3 */ = {isa = PBXFileReference; lastKnownFileType = audio.mp3; path = "13. TeMPorsche.mp3"; sourceTree = "<group>"; };
		787ED11F1E890ABF0010DAA9 /* 14. You're in ruins.mp3 */ = {isa = PBXFileReference; lastKnownFileType = audio.mp3; path = "14. You're in ruins.mp3"; sourceTree = "<group>"; };
		787ED1201E890ABF0010DAA9 /* 15. Nano East.mp3 */ = {isa = PBXFileReference; lastKnownFileType = audio.mp3; path = "15. Nano East.mp3"; sourceTree = "<group>"; };
		787ED1211E890ABF0010DAA9 /* 16. Theme of Payon.mp3 */ = {isa = PBXFileReference; lastKnownFileType = audio.mp3; path = "16. Theme of Payon.mp3"; sourceTree = "<group>"; };
		787ED1321E890B230010DAA9 /* AudioPlayer.swift */ = {isa = PBXFileReference; fileEncoding = 4; lastKnownFileType = sourcecode.swift; path = AudioPlayer.swift; sourceTree = "<group>"; };
		787ED1341E890B2E0010DAA9 /* AudioItem.swift */ = {isa = PBXFileReference; fileEncoding = 4; lastKnownFileType = sourcecode.swift; path = AudioItem.swift; sourceTree = "<group>"; };
/* End PBXFileReference section */

/* Begin PBXFrameworksBuildPhase section */
		787ED0F91E890A2B0010DAA9 /* Frameworks */ = {
			isa = PBXFrameworksBuildPhase;
			buildActionMask = 2147483647;
			files = (
			);
			runOnlyForDeploymentPostprocessing = 0;
		};
/* End PBXFrameworksBuildPhase section */

/* Begin PBXGroup section */
		787ED0F31E890A2B0010DAA9 = {
			isa = PBXGroup;
			children = (
				787ED0FE1E890A2B0010DAA9 /* TreePlantingAudio */,
				787ED0FD1E890A2B0010DAA9 /* Products */,
			);
			sourceTree = "<group>";
		};
		787ED0FD1E890A2B0010DAA9 /* Products */ = {
			isa = PBXGroup;
			children = (
				787ED0FC1E890A2B0010DAA9 /* TreePlantingAudio.app */,
			);
			name = Products;
			sourceTree = "<group>";
		};
		787ED0FE1E890A2B0010DAA9 /* TreePlantingAudio */ = {
			isa = PBXGroup;
			children = (
				787ED1111E890AB00010DAA9 /* Music */,
				787ED0FF1E890A2B0010DAA9 /* AppDelegate.swift */,
				787ED1011E890A2B0010DAA9 /* ViewController.swift */,
				787ED1031E890A2B0010DAA9 /* Main.storyboard */,
				787ED1061E890A2B0010DAA9 /* Assets.xcassets */,
				787ED1081E890A2B0010DAA9 /* LaunchScreen.storyboard */,
				787ED10B1E890A2B0010DAA9 /* Info.plist */,
				787ED1321E890B230010DAA9 /* AudioPlayer.swift */,
				787ED1341E890B2E0010DAA9 /* AudioItem.swift */,
			);
			path = TreePlantingAudio;
			sourceTree = "<group>";
		};
		787ED1111E890AB00010DAA9 /* Music */ = {
			isa = PBXGroup;
			children = (
				787ED1121E890ABF0010DAA9 /* 01. Title.mp3 */,
				787ED1131E890ABF0010DAA9 /* 02. Everlasting Wanderers.mp3 */,
				787ED1141E890ABF0010DAA9 /* 03. Streamside.mp3 */,
				787ED1151E890ABF0010DAA9 /* 04. Theme of Prontera.mp3 */,
				787ED1161E890ABF0010DAA9 /* 05. Peaceful Forest.mp3 */,
				787ED1171E890ABF0010DAA9 /* 06. Tread on the ground.mp3 */,
				787ED1181E890ABF0010DAA9 /* 07. Theme of Geffen.mp3 */,
				787ED1191E890ABF0010DAA9 /* 08. Plateau.mp3 */,
				787ED11A1E890ABF0010DAA9 /* 09. Brassy Road.mp3 */,
				787ED11B1E890ABF0010DAA9 /* 10. Travel.mp3 */,
				787ED11C1E890ABF0010DAA9 /* 11. Desert.mp3 */,
				787ED11D1E890ABF0010DAA9 /* 12. Theme of Morroc.mp3 */,
				787ED11E1E890ABF0010DAA9 /* 13. TeMPorsche.mp3 */,
				787ED11F1E890ABF0010DAA9 /* 14. You're in ruins.mp3 */,
				787ED1201E890ABF0010DAA9 /* 15. Nano East.mp3 */,
				787ED1211E890ABF0010DAA9 /* 16. Theme of Payon.mp3 */,
			);
			path = Music;
			sourceTree = "<group>";
		};
/* End PBXGroup section */

/* Begin PBXNativeTarget section */
		787ED0FB1E890A2B0010DAA9 /* TreePlantingAudio */ = {
			isa = PBXNativeTarget;
			buildConfigurationList = 787ED10E1E890A2B0010DAA9 /* Build configuration list for PBXNativeTarget "TreePlantingAudio" */;
			buildPhases = (
				787ED0F81E890A2B0010DAA9 /* Sources */,
				787ED0F91E890A2B0010DAA9 /* Frameworks */,
				787ED0FA1E890A2B0010DAA9 /* Resources */,
			);
			buildRules = (
			);
			dependencies = (
			);
			name = TreePlantingAudio;
			productName = TreePlantingAudio;
			productReference = 787ED0FC1E890A2B0010DAA9 /* TreePlantingAudio.app */;
			productType = "com.apple.product-type.application";
		};
/* End PBXNativeTarget section */

/* Begin PBXProject section */
		787ED0F41E890A2B0010DAA9 /* Project object */ = {
			isa = PBXProject;
			attributes = {
				LastSwiftUpdateCheck = 0820;
				LastUpgradeCheck = 0820;
				ORGANIZATIONNAME = Ecosia;
				TargetAttributes = {
					787ED0FB1E890A2B0010DAA9 = {
						CreatedOnToolsVersion = 8.2.1;
						DevelopmentTeam = L2SXWB2TAK;
						ProvisioningStyle = Automatic;
						SystemCapabilities = {
							com.apple.BackgroundModes = {
								enabled = 1;
							};
						};
					};
				};
			};
			buildConfigurationList = 787ED0F71E890A2B0010DAA9 /* Build configuration list for PBXProject "TreePlantingAudio" */;
			compatibilityVersion = "Xcode 3.2";
			developmentRegion = English;
			hasScannedForEncodings = 0;
			knownRegions = (
				en,
				Base,
			);
			mainGroup = 787ED0F31E890A2B0010DAA9;
			productRefGroup = 787ED0FD1E890A2B0010DAA9 /* Products */;
			projectDirPath = "";
			projectRoot = "";
			targets = (
				787ED0FB1E890A2B0010DAA9 /* TreePlantingAudio */,
			);
		};
/* End PBXProject section */

/* Begin PBXResourcesBuildPhase section */
		787ED0FA1E890A2B0010DAA9 /* Resources */ = {
			isa = PBXResourcesBuildPhase;
			buildActionMask = 2147483647;
			files = (
				787ED12B1E890ABF0010DAA9 /* 10. Travel.mp3 in Resources */,
				787ED1261E890ABF0010DAA9 /* 05. Peaceful Forest.mp3 in Resources */,
				787ED1221E890ABF0010DAA9 /* 01. Title.mp3 in Resources */,
				787ED10A1E890A2B0010DAA9 /* LaunchScreen.storyboard in Resources */,
				787ED12D1E890ABF0010DAA9 /* 12. Theme of Morroc.mp3 in Resources */,
				787ED1271E890ABF0010DAA9 /* 06. Tread on the ground.mp3 in Resources */,
				787ED1071E890A2B0010DAA9 /* Assets.xcassets in Resources */,
				787ED1231E890ABF0010DAA9 /* 02. Everlasting Wanderers.mp3 in Resources */,
				787ED12A1E890ABF0010DAA9 /* 09. Brassy Road.mp3 in Resources */,
				787ED1311E890ABF0010DAA9 /* 16. Theme of Payon.mp3 in Resources */,
				787ED1291E890ABF0010DAA9 /* 08. Plateau.mp3 in Resources */,
				787ED12C1E890ABF0010DAA9 /* 11. Desert.mp3 in Resources */,
				787ED1251E890ABF0010DAA9 /* 04. Theme of Prontera.mp3 in Resources */,
				787ED12E1E890ABF0010DAA9 /* 13. TeMPorsche.mp3 in Resources */,
				787ED1281E890ABF0010DAA9 /* 07. Theme of Geffen.mp3 in Resources */,
				787ED1241E890ABF0010DAA9 /* 03. Streamside.mp3 in Resources */,
				787ED1051E890A2B0010DAA9 /* Main.storyboard in Resources */,
				787ED1301E890ABF0010DAA9 /* 15. Nano East.mp3 in Resources */,
				787ED12F1E890ABF0010DAA9 /* 14. You're in ruins.mp3 in Resources */,
			);
			runOnlyForDeploymentPostprocessing = 0;
		};
/* End PBXResourcesBuildPhase section */

/* Begin PBXSourcesBuildPhase section */
		787ED0F81E890A2B0010DAA9 /* Sources */ = {
			isa = PBXSourcesBuildPhase;
			buildActionMask = 2147483647;
			files = (
				787ED1021E890A2B0010DAA9 /* ViewController.swift in Sources */,
				787ED1001E890A2B0010DAA9 /* AppDelegate.swift in Sources */,
				787ED1331E890B230010DAA9 /* AudioPlayer.swift in Sources */,
				787ED1351E890B2E0010DAA9 /* AudioItem.swift in Sources */,
			);
			runOnlyForDeploymentPostprocessing = 0;
		};
/* End PBXSourcesBuildPhase section */

/* Begin PBXVariantGroup section */
		787ED1031E890A2B0010DAA9 /* Main.storyboard */ = {
			isa = PBXVariantGroup;
			children = (
				787ED1041E890A2B0010DAA9 /* Base */,
			);
			name = Main.storyboard;
			sourceTree = "<group>";
		};
		787ED1081E890A2B0010DAA9 /* LaunchScreen.storyboard */ = {
			isa = PBXVariantGroup;
			children = (
				787ED1091E890A2B0010DAA9 /* Base */,
			);
			name = LaunchScreen.storyboard;
			sourceTree = "<group>";
		};
/* End PBXVariantGroup section */

/* Begin XCBuildConfiguration section */
		787ED10C1E890A2B0010DAA9 /* Debug */ = {
			isa = XCBuildConfiguration;
			buildSettings = {
				ALWAYS_SEARCH_USER_PATHS = NO;
				CLANG_ANALYZER_NONNULL = YES;
				CLANG_CXX_LANGUAGE_STANDARD = "gnu++0x";
				CLANG_CXX_LIBRARY = "libc++";
				CLANG_ENABLE_MODULES = YES;
				CLANG_ENABLE_OBJC_ARC = YES;
				CLANG_WARN_BOOL_CONVERSION = YES;
				CLANG_WARN_CONSTANT_CONVERSION = YES;
				CLANG_WARN_DIRECT_OBJC_ISA_USAGE = YES_ERROR;
				CLANG_WARN_DOCUMENTATION_COMMENTS = YES;
				CLANG_WARN_EMPTY_BODY = YES;
				CLANG_WARN_ENUM_CONVERSION = YES;
				CLANG_WARN_INFINITE_RECURSION = YES;
				CLANG_WARN_INT_CONVERSION = YES;
				CLANG_WARN_OBJC_ROOT_CLASS = YES_ERROR;
				CLANG_WARN_SUSPICIOUS_MOVE = YES;
				CLANG_WARN_UNREACHABLE_CODE = YES;
				CLANG_WARN__DUPLICATE_METHOD_MATCH = YES;
				"CODE_SIGN_IDENTITY[sdk=iphoneos*]" = "iPhone Developer";
				COPY_PHASE_STRIP = NO;
				DEBUG_INFORMATION_FORMAT = dwarf;
				ENABLE_STRICT_OBJC_MSGSEND = YES;
				ENABLE_TESTABILITY = YES;
				GCC_C_LANGUAGE_STANDARD = gnu99;
				GCC_DYNAMIC_NO_PIC = NO;
				GCC_NO_COMMON_BLOCKS = YES;
				GCC_OPTIMIZATION_LEVEL = 0;
				GCC_PREPROCESSOR_DEFINITIONS = (
					"DEBUG=1",
					"$(inherited)",
				);
				GCC_WARN_64_TO_32_BIT_CONVERSION = YES;
				GCC_WARN_ABOUT_RETURN_TYPE = YES_ERROR;
				GCC_WARN_UNDECLARED_SELECTOR = YES;
				GCC_WARN_UNINITIALIZED_AUTOS = YES_AGGRESSIVE;
				GCC_WARN_UNUSED_FUNCTION = YES;
				GCC_WARN_UNUSED_VARIABLE = YES;
				IPHONEOS_DEPLOYMENT_TARGET = 10.2;
				MTL_ENABLE_DEBUG_INFO = YES;
				ONLY_ACTIVE_ARCH = YES;
				SDKROOT = iphoneos;
				SWIFT_ACTIVE_COMPILATION_CONDITIONS = DEBUG;
				SWIFT_OPTIMIZATION_LEVEL = "-Onone";
				TARGETED_DEVICE_FAMILY = "1,2";
			};
			name = Debug;
		};
		787ED10D1E890A2B0010DAA9 /* Release */ = {
			isa = XCBuildConfiguration;
			buildSettings = {
				ALWAYS_SEARCH_USER_PATHS = NO;
				CLANG_ANALYZER_NONNULL = YES;
				CLANG_CXX_LANGUAGE_STANDARD = "gnu++0x";
				CLANG_CXX_LIBRARY = "libc++";
				CLANG_ENABLE_MODULES = YES;
				CLANG_ENABLE_OBJC_ARC = YES;
				CLANG_WARN_BOOL_CONVERSION = YES;
				CLANG_WARN_CONSTANT_CONVERSION = YES;
				CLANG_WARN_DIRECT_OBJC_ISA_USAGE = YES_ERROR;
				CLANG_WARN_DOCUMENTATION_COMMENTS = YES;
				CLANG_WARN_EMPTY_BODY = YES;
				CLANG_WARN_ENUM_CONVERSION = YES;
				CLANG_WARN_INFINITE_RECURSION = YES;
				CLANG_WARN_INT_CONVERSION = YES;
				CLANG_WARN_OBJC_ROOT_CLASS = YES_ERROR;
				CLANG_WARN_SUSPICIOUS_MOVE = YES;
				CLANG_WARN_UNREACHABLE_CODE = YES;
				CLANG_WARN__DUPLICATE_METHOD_MATCH = YES;
				"CODE_SIGN_IDENTITY[sdk=iphoneos*]" = "iPhone Developer";
				COPY_PHASE_STRIP = NO;
				DEBUG_INFORMATION_FORMAT = "dwarf-with-dsym";
				ENABLE_NS_ASSERTIONS = NO;
				ENABLE_STRICT_OBJC_MSGSEND = YES;
				GCC_C_LANGUAGE_STANDARD = gnu99;
				GCC_NO_COMMON_BLOCKS = YES;
				GCC_WARN_64_TO_32_BIT_CONVERSION = YES;
				GCC_WARN_ABOUT_RETURN_TYPE = YES_ERROR;
				GCC_WARN_UNDECLARED_SELECTOR = YES;
				GCC_WARN_UNINITIALIZED_AUTOS = YES_AGGRESSIVE;
				GCC_WARN_UNUSED_FUNCTION = YES;
				GCC_WARN_UNUSED_VARIABLE = YES;
				IPHONEOS_DEPLOYMENT_TARGET = 10.2;
				MTL_ENABLE_DEBUG_INFO = NO;
				SDKROOT = iphoneos;
				SWIFT_OPTIMIZATION_LEVEL = "-Owholemodule";
				TARGETED_DEVICE_FAMILY = "1,2";
				VALIDATE_PRODUCT = YES;
			};
			name = Release;
		};
		787ED10F1E890A2B0010DAA9 /* Debug */ = {
			isa = XCBuildConfiguration;
			buildSettings = {
				ASSETCATALOG_COMPILER_APPICON_NAME = AppIcon;
				DEVELOPMENT_TEAM = L2SXWB2TAK;
				INFOPLIST_FILE = TreePlantingAudio/Info.plist;
				LD_RUNPATH_SEARCH_PATHS = "$(inherited) @executable_path/Frameworks";
				PRODUCT_BUNDLE_IDENTIFIER = com.ecosia.TreePlantingAudio;
				PRODUCT_NAME = "$(TARGET_NAME)";
				SWIFT_VERSION = 3.0;
			};
			name = Debug;
		};
		787ED1101E890A2B0010DAA9 /* Release */ = {
			isa = XCBuildConfiguration;
			buildSettings = {
				ASSETCATALOG_COMPILER_APPICON_NAME = AppIcon;
				DEVELOPMENT_TEAM = L2SXWB2TAK;
				INFOPLIST_FILE = TreePlantingAudio/Info.plist;
				LD_RUNPATH_SEARCH_PATHS = "$(inherited) @executable_path/Frameworks";
				PRODUCT_BUNDLE_IDENTIFIER = com.ecosia.TreePlantingAudio;
				PRODUCT_NAME = "$(TARGET_NAME)";
				SWIFT_VERSION = 3.0;
			};
			name = Release;
		};
/* End XCBuildConfiguration section */

/* Begin XCConfigurationList section */
		787ED0F71E890A2B0010DAA9 /* Build configuration list for PBXProject "TreePlantingAudio" */ = {
			isa = XCConfigurationList;
			buildConfigurations = (
				787ED10C1E890A2B0010DAA9 /* Debug */,
				787ED10D1E890A2B0010DAA9 /* Release */,
			);
			defaultConfigurationIsVisible = 0;
			defaultConfigurationName = Release;
		};
		787ED10E1E890A2B0010DAA9 /* Build configuration list for PBXNativeTarget "TreePlantingAudio" */ = {
			isa = XCConfigurationList;
			buildConfigurations = (
				787ED10F1E890A2B0010DAA9 /* Debug */,
				787ED1101E890A2B0010DAA9 /* Release */,
			);
			defaultConfigurationIsVisible = 0;
		};
/* End XCConfigurationList section */
	};
	rootObject = 787ED0F41E890A2B0010DAA9 /* Project object */;
}
